
Microsoft Visual Studio Solution File, Format Version 12.00
Project("{2150E333-8FDC-42A3-9474-1A3956D46DE8}") = "Presentation", "Presentation", "{8751C3F1-AB09-4EE8-B3E0-7807AED808D0}"
EndProject
Project("{FAE04EC0-301F-11D3-BF4B-00C04F79EFBC}") = "DataBreeze.Api", "src\DataBreeze.Api\DataBreeze.Api.csproj", "{A3199950-ABAE-4B46-BBD1-DB079CD2C302}"
EndProject
Project("{2150E333-8FDC-42A3-9474-1A3956D46DE8}") = "Application", "Application", "{FDF3C1F3-EFA7-4B04-9CC0-8A5159F9273E}"
EndProject
Project("{2150E333-8FDC-42A3-9474-1A3956D46DE8}") = "Infrastructure", "Infrastructure", "{F361CEF5-DFE0-45ED-BC45-EF35930C82C8}"
EndProject
Project("{FAE04EC0-301F-11D3-BF4B-00C04F79EFBC}") = "DataBreeze.Domain", "src\DataBreeze.Domain\DataBreeze.Domain.csproj", "{1EB17E3A-B83E-4BB6-B6C2-D9B309A4F3F6}"
EndProject
Project("{FAE04EC0-301F-11D3-BF4B-00C04F79EFBC}") = "DataBreeze.Application", "src\DataBreeze.Application\DataBreeze.Application.csproj", "{FB8CE414-E8D7-4030-807B-B5CA40E45F0B}"
EndProject
Project("{FAE04EC0-301F-11D3-BF4B-00C04F79EFBC}") = "DataBreeze.Persistence", "src\DataBreeze.Persistence\DataBreeze.Persistence.csproj", "{125C34BF-AC8E-49F4-BA12-D3B10DA96AAE}"
EndProject
Global
	GlobalSection(SolutionConfigurationPlatforms) = preSolution
		Debug|Any CPU = Debug|Any CPU
		Release|Any CPU = Release|Any CPU
	EndGlobalSection
	GlobalSection(ProjectConfigurationPlatforms) = postSolution
		{A3199950-ABAE-4B46-BBD1-DB079CD2C302}.Debug|Any CPU.ActiveCfg = Debug|Any CPU
		{A3199950-ABAE-4B46-BBD1-DB079CD2C302}.Debug|Any CPU.Build.0 = Debug|Any CPU
		{A3199950-ABAE-4B46-BBD1-DB079CD2C302}.Release|Any CPU.ActiveCfg = Release|Any CPU
		{A3199950-ABAE-4B46-BBD1-DB079CD2C302}.Release|Any CPU.Build.0 = Release|Any CPU
		{1EB17E3A-B83E-4BB6-B6C2-D9B309A4F3F6}.Debug|Any CPU.ActiveCfg = Debug|Any CPU
		{1EB17E3A-B83E-4BB6-B6C2-D9B309A4F3F6}.Debug|Any CPU.Build.0 = Debug|Any CPU
		{1EB17E3A-B83E-4BB6-B6C2-D9B309A4F3F6}.Release|Any CPU.ActiveCfg = Release|Any CPU
		{1EB17E3A-B83E-4BB6-B6C2-D9B309A4F3F6}.Release|Any CPU.Build.0 = Release|Any CPU
		{FB8CE414-E8D7-4030-807B-B5CA40E45F0B}.Debug|Any CPU.ActiveCfg = Debug|Any CPU
		{FB8CE414-E8D7-4030-807B-B5CA40E45F0B}.Debug|Any CPU.Build.0 = Debug|Any CPU
		{FB8CE414-E8D7-4030-807B-B5CA40E45F0B}.Release|Any CPU.ActiveCfg = Release|Any CPU
		{FB8CE414-E8D7-4030-807B-B5CA40E45F0B}.Release|Any CPU.Build.0 = Release|Any CPU
		{125C34BF-AC8E-49F4-BA12-D3B10DA96AAE}.Debug|Any CPU.ActiveCfg = Debug|Any CPU
		{125C34BF-AC8E-49F4-BA12-D3B10DA96AAE}.Debug|Any CPU.Build.0 = Debug|Any CPU
		{125C34BF-AC8E-49F4-BA12-D3B10DA96AAE}.Release|Any CPU.ActiveCfg = Release|Any CPU
		{125C34BF-AC8E-49F4-BA12-D3B10DA96AAE}.Release|Any CPU.Build.0 = Release|Any CPU
	EndGlobalSection
	GlobalSection(NestedProjects) = preSolution
		{A3199950-ABAE-4B46-BBD1-DB079CD2C302} = {8751C3F1-AB09-4EE8-B3E0-7807AED808D0}
		{1EB17E3A-B83E-4BB6-B6C2-D9B309A4F3F6} = {FDF3C1F3-EFA7-4B04-9CC0-8A5159F9273E}
		{FB8CE414-E8D7-4030-807B-B5CA40E45F0B} = {FDF3C1F3-EFA7-4B04-9CC0-8A5159F9273E}
		{125C34BF-AC8E-49F4-BA12-D3B10DA96AAE} = {F361CEF5-DFE0-45ED-BC45-EF35930C82C8}
	EndGlobalSection
EndGlobal
